// !$*UTF8*$!
{
	archiveVersion = 1;
	classes = {
	};
	objectVersion = 46;
	objects = {

/* Begin PBXBuildFile section */
		1898A4DC1E83C79C00A4AFA3 /* main.m in Sources */ = {isa = PBXBuildFile; fileRef = 1898A4DB1E83C79C00A4AFA3 /* main.m */; };
		1898A4DF1E83C79C00A4AFA3 /* AppDelegate.m in Sources */ = {isa = PBXBuildFile; fileRef = 1898A4DE1E83C79C00A4AFA3 /* AppDelegate.m */; };
		1898A4E21E83C79C00A4AFA3 /* ViewController.m in Sources */ = {isa = PBXBuildFile; fileRef = 1898A4E11E83C79C00A4AFA3 /* ViewController.m */; };
		1898A4E51E83C79C00A4AFA3 /* Main.storyboard in Resources */ = {isa = PBXBuildFile; fileRef = 1898A4E31E83C79C00A4AFA3 /* Main.storyboard */; };
		1898A4E71E83C79C00A4AFA3 /* Assets.xcassets in Resources */ = {isa = PBXBuildFile; fileRef = 1898A4E61E83C79C00A4AFA3 /* Assets.xcassets */; };
		1898A4EA1E83C79C00A4AFA3 /* LaunchScreen.storyboard in Resources */ = {isa = PBXBuildFile; fileRef = 1898A4E81E83C79C00A4AFA3 /* LaunchScreen.storyboard */; };
		E61F73AA1FA039ED00D96A7E /* UIButton+CZInspectableButton.m in Sources */ = {isa = PBXBuildFile; fileRef = E61F739E1FA039ED00D96A7E /* UIButton+CZInspectableButton.m */; };
		E61F73AB1FA039ED00D96A7E /* UITextField+CZInspectableTextField.m in Sources */ = {isa = PBXBuildFile; fileRef = E61F73A01FA039ED00D96A7E /* UITextField+CZInspectableTextField.m */; };
		E61F73AC1FA039ED00D96A7E /* UIView+CZInspectableView.m in Sources */ = {isa = PBXBuildFile; fileRef = E61F73A21FA039ED00D96A7E /* UIView+CZInspectableView.m */; };
		E61F73AD1FA039ED00D96A7E /* CZInspectableButton.m in Sources */ = {isa = PBXBuildFile; fileRef = E61F73A51FA039ED00D96A7E /* CZInspectableButton.m */; };
		E61F73AE1FA039ED00D96A7E /* CZInspectableTextField.m in Sources */ = {isa = PBXBuildFile; fileRef = E61F73A71FA039ED00D96A7E /* CZInspectableTextField.m */; };
		E61F73AF1FA039ED00D96A7E /* CZInspectableView.m in Sources */ = {isa = PBXBuildFile; fileRef = E61F73A91FA039ED00D96A7E /* CZInspectableView.m */; };
/* End PBXBuildFile section */

/* Begin PBXFileReference section */
		1898A4D71E83C79C00A4AFA3 /* CZInspectableViewDemo.app */ = {isa = PBXFileReference; explicitFileType = wrapper.application; includeInIndex = 0; path = CZInspectableViewDemo.app; sourceTree = BUILT_PRODUCTS_DIR; };
		1898A4DB1E83C79C00A4AFA3 /* main.m */ = {isa = PBXFileReference; lastKnownFileType = sourcecode.c.objc; path = main.m; sourceTree = "<group>"; };
		1898A4DD1E83C79C00A4AFA3 /* AppDelegate.h */ = {isa = PBXFileReference; lastKnownFileType = sourcecode.c.h; path = AppDelegate.h; sourceTree = "<group>"; };
		1898A4DE1E83C79C00A4AFA3 /* AppDelegate.m */ = {isa = PBXFileReference; lastKnownFileType = sourcecode.c.objc; path = AppDelegate.m; sourceTree = "<group>"; };
		1898A4E01E83C79C00A4AFA3 /* ViewController.h */ = {isa = PBXFileReference; lastKnownFileType = sourcecode.c.h; path = ViewController.h; sourceTree = "<group>"; };
		1898A4E11E83C79C00A4AFA3 /* ViewController.m */ = {isa = PBXFileReference; lastKnownFileType = sourcecode.c.objc; path = ViewController.m; sourceTree = "<group>"; };
		1898A4E41E83C79C00A4AFA3 /* Base */ = {isa = PBXFileReference; lastKnownFileType = file.storyboard; name = Base; path = Base.lproj/Main.storyboard; sourceTree = "<group>"; };
		1898A4E61E83C79C00A4AFA3 /* Assets.xcassets */ = {isa = PBXFileReference; lastKnownFileType = folder.assetcatalog; path = Assets.xcassets; sourceTree = "<group>"; };
		1898A4E91E83C79C00A4AFA3 /* Base */ = {isa = PBXFileReference; lastKnownFileType = file.storyboard; name = Base; path = Base.lproj/LaunchScreen.storyboard; sourceTree = "<group>"; };
		1898A4EB1E83C79C00A4AFA3 /* Info.plist */ = {isa = PBXFileReference; lastKnownFileType = text.plist.xml; path = Info.plist; sourceTree = "<group>"; };
		E61F739D1FA039ED00D96A7E /* UIButton+CZInspectableButton.h */ = {isa = PBXFileReference; fileEncoding = 4; lastKnownFileType = sourcecode.c.h; path = "UIButton+CZInspectableButton.h"; sourceTree = "<group>"; };
		E61F739E1FA039ED00D96A7E /* UIButton+CZInspectableButton.m */ = {isa = PBXFileReference; fileEncoding = 4; lastKnownFileType = sourcecode.c.objc; path = "UIButton+CZInspectableButton.m"; sourceTree = "<group>"; };
		E61F739F1FA039ED00D96A7E /* UITextField+CZInspectableTextField.h */ = {isa = PBXFileReference; fileEncoding = 4; lastKnownFileType = sourcecode.c.h; path = "UITextField+CZInspectableTextField.h"; sourceTree = "<group>"; };
		E61F73A01FA039ED00D96A7E /* UITextField+CZInspectableTextField.m */ = {isa = PBXFileReference; fileEncoding = 4; lastKnownFileType = sourcecode.c.objc; path = "UITextField+CZInspectableTextField.m"; sourceTree = "<group>"; };
		E61F73A11FA039ED00D96A7E /* UIView+CZInspectableView.h */ = {isa = PBXFileReference; fileEncoding = 4; lastKnownFileType = sourcecode.c.h; path = "UIView+CZInspectableView.h"; sourceTree = "<group>"; };
		E61F73A21FA039ED00D96A7E /* UIView+CZInspectableView.m */ = {isa = PBXFileReference; fileEncoding = 4; lastKnownFileType = sourcecode.c.objc; path = "UIView+CZInspectableView.m"; sourceTree = "<group>"; };
		E61F73A41FA039ED00D96A7E /* CZInspectableButton.h */ = {isa = PBXFileReference; fileEncoding = 4; lastKnownFileType = sourcecode.c.h; path = CZInspectableButton.h; sourceTree = "<group>"; };
		E61F73A51FA039ED00D96A7E /* CZInspectableButton.m */ = {isa = PBXFileReference; fileEncoding = 4; lastKnownFileType = sourcecode.c.objc; path = CZInspectableButton.m; sourceTree = "<group>"; };
		E61F73A61FA039ED00D96A7E /* CZInspectableTextField.h */ = {isa = PBXFileReference; fileEncoding = 4; lastKnownFileType = sourcecode.c.h; path = CZInspectableTextField.h; sourceTree = "<group>"; };
		E61F73A71FA039ED00D96A7E /* CZInspectableTextField.m */ = {isa = PBXFileReference; fileEncoding = 4; lastKnownFileType = sourcecode.c.objc; path = CZInspectableTextField.m; sourceTree = "<group>"; };
		E61F73A81FA039ED00D96A7E /* CZInspectableView.h */ = {isa = PBXFileReference; fileEncoding = 4; lastKnownFileType = sourcecode.c.h; path = CZInspectableView.h; sourceTree = "<group>"; };
		E61F73A91FA039ED00D96A7E /* CZInspectableView.m */ = {isa = PBXFileReference; fileEncoding = 4; lastKnownFileType = sourcecode.c.objc; path = CZInspectableView.m; sourceTree = "<group>"; };
/* End PBXFileReference section */

/* Begin PBXFrameworksBuildPhase section */
		1898A4D41E83C79C00A4AFA3 /* Frameworks */ = {
			isa = PBXFrameworksBuildPhase;
			buildActionMask = 2147483647;
			files = (
			);
			runOnlyForDeploymentPostprocessing = 0;
		};
/* End PBXFrameworksBuildPhase section */

/* Begin PBXGroup section */
		1898A4CE1E83C79C00A4AFA3 = {
			isa = PBXGroup;
			children = (
				1898A4D91E83C79C00A4AFA3 /* CZInspectableViewDemo */,
				E61F739B1FA039ED00D96A7E /* CZInspectableView */,
				1898A4D81E83C79C00A4AFA3 /* Products */,
			);
			sourceTree = "<group>";
		};
		1898A4D81E83C79C00A4AFA3 /* Products */ = {
			isa = PBXGroup;
			children = (
				1898A4D71E83C79C00A4AFA3 /* CZInspectableViewDemo.app */,
			);
			name = Products;
			sourceTree = "<group>";
		};
		1898A4D91E83C79C00A4AFA3 /* CZInspectableViewDemo */ = {
			isa = PBXGroup;
			children = (
				1898A4DD1E83C79C00A4AFA3 /* AppDelegate.h */,
				1898A4DE1E83C79C00A4AFA3 /* AppDelegate.m */,
				1898A4E01E83C79C00A4AFA3 /* ViewController.h */,
				1898A4E11E83C79C00A4AFA3 /* ViewController.m */,
				1898A4E31E83C79C00A4AFA3 /* Main.storyboard */,
				1898A4E61E83C79C00A4AFA3 /* Assets.xcassets */,
				1898A4E81E83C79C00A4AFA3 /* LaunchScreen.storyboard */,
				1898A4EB1E83C79C00A4AFA3 /* Info.plist */,
				1898A4DA1E83C79C00A4AFA3 /* Supporting Files */,
			);
			path = CZInspectableViewDemo;
			sourceTree = "<group>";
		};
		1898A4DA1E83C79C00A4AFA3 /* Supporting Files */ = {
			isa = PBXGroup;
			children = (
				1898A4DB1E83C79C00A4AFA3 /* main.m */,
			);
			name = "Supporting Files";
			sourceTree = "<group>";
		};
		E61F739B1FA039ED00D96A7E /* CZInspectableView */ = {
			isa = PBXGroup;
			children = (
				E61F739C1FA039ED00D96A7E /* Category */,
				E61F73A31FA039ED00D96A7E /* View */,
			);
			name = CZInspectableView;
			path = ../CZInspectableView;
			sourceTree = "<group>";
		};
		E61F739C1FA039ED00D96A7E /* Category */ = {
			isa = PBXGroup;
			children = (
				E61F739D1FA039ED00D96A7E /* UIButton+CZInspectableButton.h */,
				E61F739E1FA039ED00D96A7E /* UIButton+CZInspectableButton.m */,
				E61F739F1FA039ED00D96A7E /* UITextField+CZInspectableTextField.h */,
				E61F73A01FA039ED00D96A7E /* UITextField+CZInspectableTextField.m */,
				E61F73A11FA039ED00D96A7E /* UIView+CZInspectableView.h */,
				E61F73A21FA039ED00D96A7E /* UIView+CZInspectableView.m */,
			);
			path = Category;
			sourceTree = "<group>";
		};
		E61F73A31FA039ED00D96A7E /* View */ = {
			isa = PBXGroup;
			children = (
				E61F73A41FA039ED00D96A7E /* CZInspectableButton.h */,
				E61F73A51FA039ED00D96A7E /* CZInspectableButton.m */,
				E61F73A61FA039ED00D96A7E /* CZInspectableTextField.h */,
				E61F73A71FA039ED00D96A7E /* CZInspectableTextField.m */,
				E61F73A81FA039ED00D96A7E /* CZInspectableView.h */,
				E61F73A91FA039ED00D96A7E /* CZInspectableView.m */,
			);
			path = View;
			sourceTree = "<group>";
		};
/* End PBXGroup section */

/* Begin PBXNativeTarget section */
		1898A4D61E83C79C00A4AFA3 /* CZInspectableViewDemo */ = {
			isa = PBXNativeTarget;
			buildConfigurationList = 1898A4EE1E83C79C00A4AFA3 /* Build configuration list for PBXNativeTarget "CZInspectableViewDemo" */;
			buildPhases = (
				1898A4D31E83C79C00A4AFA3 /* Sources */,
				1898A4D41E83C79C00A4AFA3 /* Frameworks */,
				1898A4D51E83C79C00A4AFA3 /* Resources */,
			);
			buildRules = (
			);
			dependencies = (
			);
			name = CZInspectableViewDemo;
			productName = CZInspectableViewDemo;
			productReference = 1898A4D71E83C79C00A4AFA3 /* CZInspectableViewDemo.app */;
			productType = "com.apple.product-type.application";
		};
/* End PBXNativeTarget section */

/* Begin PBXProject section */
		1898A4CF1E83C79C00A4AFA3 /* Project object */ = {
			isa = PBXProject;
			attributes = {
				LastUpgradeCheck = 1100;
				ORGANIZATIONNAME = "Clay Zhu";
				TargetAttributes = {
					1898A4D61E83C79C00A4AFA3 = {
						CreatedOnToolsVersion = 8.2.1;
						ProvisioningStyle = Automatic;
					};
				};
			};
			buildConfigurationList = 1898A4D21E83C79C00A4AFA3 /* Build configuration list for PBXProject "CZInspectableViewDemo" */;
			compatibilityVersion = "Xcode 3.2";
			developmentRegion = en;
			hasScannedForEncodings = 0;
			knownRegions = (
				en,
				Base,
			);
			mainGroup = 1898A4CE1E83C79C00A4AFA3;
			productRefGroup = 1898A4D81E83C79C00A4AFA3 /* Products */;
			projectDirPath = "";
			projectRoot = "";
			targets = (
				1898A4D61E83C79C00A4AFA3 /* CZInspectableViewDemo */,
			);
		};
/* End PBXProject section */

/* Begin PBXResourcesBuildPhase section */
		1898A4D51E83C79C00A4AFA3 /* Resources */ = {
			isa = PBXResourcesBuildPhase;
			buildActionMask = 2147483647;
			files = (
				1898A4EA1E83C79C00A4AFA3 /* LaunchScreen.storyboard in Resources */,
				1898A4E71E83C79C00A4AFA3 /* Assets.xcassets in Resources */,
				1898A4E51E83C79C00A4AFA3 /* Main.storyboard in Resources */,
			);
			runOnlyForDeploymentPostprocessing = 0;
		};
/* End PBXResourcesBuildPhase section */

/* Begin PBXSourcesBuildPhase section */
		1898A4D31E83C79C00A4AFA3 /* Sources */ = {
			isa = PBXSourcesBuildPhase;
			buildActionMask = 2147483647;
			files = (
				1898A4E21E83C79C00A4AFA3 /* ViewController.m in Sources */,
				E61F73AB1FA039ED00D96A7E /* UITextField+CZInspectableTextField.m in Sources */,
				E61F73AA1FA039ED00D96A7E /* UIButton+CZInspectableButton.m in Sources */,
				E61F73AE1FA039ED00D96A7E /* CZInspectableTextField.m in Sources */,
				E61F73AD1FA039ED00D96A7E /* CZInspectableButton.m in Sources */,
				1898A4DF1E83C79C00A4AFA3 /* AppDelegate.m in Sources */,
				1898A4DC1E83C79C00A4AFA3 /* main.m in Sources */,
				E61F73AF1FA039ED00D96A7E /* CZInspectableView.m in Sources */,
				E61F73AC1FA039ED00D96A7E /* UIView+CZInspectableView.m in Sources */,
			);
			runOnlyForDeploymentPostprocessing = 0;
		};
/* End PBXSourcesBuildPhase section */

/* Begin PBXVariantGroup section */
		1898A4E31E83C79C00A4AFA3 /* Main.storyboard */ = {
			isa = PBXVariantGroup;
			children = (
				1898A4E41E83C79C00A4AFA3 /* Base */,
			);
			name = Main.storyboard;
			sourceTree = "<group>";
		};
		1898A4E81E83C79C00A4AFA3 /* LaunchScreen.storyboard */ = {
			isa = PBXVariantGroup;
			children = (
				1898A4E91E83C79C00A4AFA3 /* Base */,
			);
			name = LaunchScreen.storyboard;
			sourceTree = "<group>";
		};
/* End PBXVariantGroup section */

/* Begin XCBuildConfiguration section */
		1898A4EC1E83C79C00A4AFA3 /* Debug */ = {
			isa = XCBuildConfiguration;
			buildSettings = {
				ALWAYS_SEARCH_USER_PATHS = NO;
				CLANG_ANALYZER_LOCALIZABILITY_NONLOCALIZED = YES;
				CLANG_ANALYZER_NONNULL = YES;
				CLANG_CXX_LANGUAGE_STANDARD = "gnu++0x";
				CLANG_CXX_LIBRARY = "libc++";
				CLANG_ENABLE_MODULES = YES;
				CLANG_ENABLE_OBJC_ARC = YES;
				CLANG_WARN_BLOCK_CAPTURE_AUTORELEASING = YES;
				CLANG_WARN_BOOL_CONVERSION = YES;
				CLANG_WARN_COMMA = YES;
				CLANG_WARN_CONSTANT_CONVERSION = YES;
				CLANG_WARN_DEPRECATED_OBJC_IMPLEMENTATIONS = YES;
				CLANG_WARN_DIRECT_OBJC_ISA_USAGE = YES_ERROR;
				CLANG_WARN_DOCUMENTATION_COMMENTS = YES;
				CLANG_WARN_EMPTY_BODY = YES;
				CLANG_WARN_ENUM_CONVERSION = YES;
				CLANG_WARN_INFINITE_RECURSION = YES;
				CLANG_WARN_INT_CONVERSION = YES;
				CLANG_WARN_NON_LITERAL_NULL_CONVERSION = YES;
				CLANG_WARN_OBJC_IMPLICIT_RETAIN_SELF = YES;
				CLANG_WARN_OBJC_LITERAL_CONVERSION = YES;
				CLANG_WARN_OBJC_ROOT_CLASS = YES_ERROR;
				CLANG_WARN_RANGE_LOOP_ANALYSIS = YES;
				CLANG_WARN_STRICT_PROTOTYPES = YES;
				CLANG_WARN_SUSPICIOUS_MOVE = YES;
				CLANG_WARN_UNREACHABLE_CODE = YES;
				CLANG_WARN__DUPLICATE_METHOD_MATCH = YES;
				"CODE_SIGN_IDENTITY[sdk=iphoneos*]" = "iPhone Developer";
				COPY_PHASE_STRIP = NO;
				DEBUG_INFORMATION_FORMAT = dwarf;
				ENABLE_STRICT_OBJC_MSGSEND = YES;
				ENABLE_TESTABILITY = YES;
				GCC_C_LANGUAGE_STANDARD = gnu99;
				GCC_DYNAMIC_NO_PIC = NO;
				GCC_NO_COMMON_BLOCKS = YES;
				GCC_OPTIMIZATION_LEVEL = 0;
				GCC_PREPROCESSOR_DEFINITIONS = (
					"DEBUG=1",
					"$(inherited)",
				);
				GCC_WARN_64_TO_32_BIT_CONVERSION = YES;
				GCC_WARN_ABOUT_RETURN_TYPE = YES_ERROR;
				GCC_WARN_UNDECLARED_SELECTOR = YES;
				GCC_WARN_UNINITIALIZED_AUTOS = YES_AGGRESSIVE;
				GCC_WARN_UNUSED_FUNCTION = YES;
				GCC_WARN_UNUSED_VARIABLE = YES;
				IPHONEOS_DEPLOYMENT_TARGET = 10.2;
				MTL_ENABLE_DEBUG_INFO = YES;
				ONLY_ACTIVE_ARCH = YES;
				SDKROOT = iphoneos;
				TARGETED_DEVICE_FAMILY = "1,2";
			};
			name = Debug;
		};
		1898A4ED1E83C79C00A4AFA3 /* Release */ = {
			isa = XCBuildConfiguration;
			buildSettings = {
				ALWAYS_SEARCH_USER_PATHS = NO;
				CLANG_ANALYZER_LOCALIZABILITY_NONLOCALIZED = YES;
				CLANG_ANALYZER_NONNULL = YES;
				CLANG_CXX_LANGUAGE_STANDARD = "gnu++0x";
				CLANG_CXX_LIBRARY = "libc++";
				CLANG_ENABLE_MODULES = YES;
				CLANG_ENABLE_OBJC_ARC = YES;
				CLANG_WARN_BLOCK_CAPTURE_AUTORELEASING = YES;
				CLANG_WARN_BOOL_CONVERSION = YES;
				CLANG_WARN_COMMA = YES;
				CLANG_WARN_CONSTANT_CONVERSION = YES;
				CLANG_WARN_DEPRECATED_OBJC_IMPLEMENTATIONS = YES;
				CLANG_WARN_DIRECT_OBJC_ISA_USAGE = YES_ERROR;
				CLANG_WARN_DOCUMENTATION_COMMENTS = YES;
				CLANG_WARN_EMPTY_BODY = YES;
				CLANG_WARN_ENUM_CONVERSION = YES;
				CLANG_WARN_INFINITE_RECURSION = YES;
				CLANG_WARN_INT_CONVERSION = YES;
				CLANG_WARN_NON_LITERAL_NULL_CONVERSION = YES;
				CLANG_WARN_OBJC_IMPLICIT_RETAIN_SELF = YES;
				CLANG_WARN_OBJC_LITERAL_CONVERSION = YES;
				CLANG_WARN_OBJC_ROOT_CLASS = YES_ERROR;
				CLANG_WARN_RANGE_LOOP_ANALYSIS = YES;
				CLANG_WARN_STRICT_PROTOTYPES = YES;
				CLANG_WARN_SUSPICIOUS_MOVE = YES;
				CLANG_WARN_UNREACHABLE_CODE = YES;
				CLANG_WARN__DUPLICATE_METHOD_MATCH = YES;
				"CODE_SIGN_IDENTITY[sdk=iphoneos*]" = "iPhone Developer";
				COPY_PHASE_STRIP = NO;
				DEBUG_INFORMATION_FORMAT = "dwarf-with-dsym";
				ENABLE_NS_ASSERTIONS = NO;
				ENABLE_STRICT_OBJC_MSGSEND = YES;
				GCC_C_LANGUAGE_STANDARD = gnu99;
				GCC_NO_COMMON_BLOCKS = YES;
				GCC_WARN_64_TO_32_BIT_CONVERSION = YES;
				GCC_WARN_ABOUT_RETURN_TYPE = YES_ERROR;
				GCC_WARN_UNDECLARED_SELECTOR = YES;
				GCC_WARN_UNINITIALIZED_AUTOS = YES_AGGRESSIVE;
				GCC_WARN_UNUSED_FUNCTION = YES;
				GCC_WARN_UNUSED_VARIABLE = YES;
				IPHONEOS_DEPLOYMENT_TARGET = 10.2;
				MTL_ENABLE_DEBUG_INFO = NO;
				SDKROOT = iphoneos;
				TARGETED_DEVICE_FAMILY = "1,2";
				VALIDATE_PRODUCT = YES;
			};
			name = Release;
		};
		1898A4EF1E83C79C00A4AFA3 /* Debug */ = {
			isa = XCBuildConfiguration;
			buildSettings = {
				ASSETCATALOG_COMPILER_APPICON_NAME = AppIcon;
				INFOPLIST_FILE = CZInspectableViewDemo/Info.plist;
				IPHONEOS_DEPLOYMENT_TARGET = 8.0;
				LD_RUNPATH_SEARCH_PATHS = "$(inherited) @executable_path/Frameworks";
				MARKETING_VERSION = 1.0.3;
				PRODUCT_BUNDLE_IDENTIFIER = com.clayzhu.CZInspectableViewDemo;
				PRODUCT_NAME = "$(TARGET_NAME)";
			};
			name = Debug;
		};
		1898A4F01E83C79C00A4AFA3 /* Release */ = {
			isa = XCBuildConfiguration;
			buildSettings = {
				ASSETCATALOG_COMPILER_APPICON_NAME = AppIcon;
				INFOPLIST_FILE = CZInspectableViewDemo/Info.plist;
				IPHONEOS_DEPLOYMENT_TARGET = 8.0;
				LD_RUNPATH_SEARCH_PATHS = "$(inherited) @executable_path/Frameworks";
				MARKETING_VERSION = 1.0.3;
				PRODUCT_BUNDLE_IDENTIFIER = com.clayzhu.CZInspectableViewDemo;
				PRODUCT_NAME = "$(TARGET_NAME)";
			};
			name = Release;
		};
/* End XCBuildConfiguration section */

/* Begin XCConfigurationList section */
		1898A4D21E83C79C00A4AFA3 /* Build configuration list for PBXProject "CZInspectableViewDemo" */ = {
			isa = XCConfigurationList;
			buildConfigurations = (
				1898A4EC1E83C79C00A4AFA3 /* Debug */,
				1898A4ED1E83C79C00A4AFA3 /* Release */,
			);
			defaultConfigurationIsVisible = 0;
			defaultConfigurationName = Release;
		};
		1898A4EE1E83C79C00A4AFA3 /* Build configuration list for PBXNativeTarget "CZInspectableViewDemo" */ = {
			isa = XCConfigurationList;
			buildConfigurations = (
				1898A4EF1E83C79C00A4AFA3 /* Debug */,
				1898A4F01E83C79C00A4AFA3 /* Release */,
			);
			defaultConfigurationIsVisible = 0;
			defaultConfigurationName = Release;
		};
/* End XCConfigurationList section */
	};
	rootObject = 1898A4CF1E83C79C00A4AFA3 /* Project object */;
}
